// !$*UTF8*$!
{
	archiveVersion = 1;
	classes = {
	};
	objectVersion = 55;
	objects = {

/* Begin PBXBuildFile section */
		A76CAF7228A56E15004E6DF4 /* MainViewController.swift in Sources */ = {isa = PBXBuildFile; fileRef = A76CAF7128A56E15004E6DF4 /* MainViewController.swift */; };
		A76CAF7428A56EE1004E6DF4 /* splash.png in Resources */ = {isa = PBXBuildFile; fileRef = A76CAF7328A56EE1004E6DF4 /* splash.png */; };
		A76CAF7728A57221004E6DF4 /* Extension++.swift in Sources */ = {isa = PBXBuildFile; fileRef = A76CAF7628A57221004E6DF4 /* Extension++.swift */; };
		A76CAF7D28A60E63004E6DF4 /* Combine++UIControl.swift in Sources */ = {isa = PBXBuildFile; fileRef = A76CAF7C28A60E63004E6DF4 /* Combine++UIControl.swift */; };
		A76CAF8128A6159B004E6DF4 /* ViewModelType.swift in Sources */ = {isa = PBXBuildFile; fileRef = A76CAF8028A6159B004E6DF4 /* ViewModelType.swift */; };
		A76CAF8328A615C3004E6DF4 /* MainViewModel.swift in Sources */ = {isa = PBXBuildFile; fileRef = A76CAF8228A615C3004E6DF4 /* MainViewModel.swift */; };
		A76CAF8628A62C1D004E6DF4 /* SearchView.swift in Sources */ = {isa = PBXBuildFile; fileRef = A76CAF8528A62C1D004E6DF4 /* SearchView.swift */; };
		A76CAF8828A62C22004E6DF4 /* SearchViewModel.swift in Sources */ = {isa = PBXBuildFile; fileRef = A76CAF8728A62C22004E6DF4 /* SearchViewModel.swift */; };
		A76CAF9028A63FF0004E6DF4 /* Requestable.swift in Sources */ = {isa = PBXBuildFile; fileRef = A76CAF8F28A63FF0004E6DF4 /* Requestable.swift */; };
		A76CAF9228A63FFC004E6DF4 /* Responsable.swift in Sources */ = {isa = PBXBuildFile; fileRef = A76CAF9128A63FFC004E6DF4 /* Responsable.swift */; };
		A76CAF9428A64002004E6DF4 /* Endpoint.swift in Sources */ = {isa = PBXBuildFile; fileRef = A76CAF9328A64002004E6DF4 /* Endpoint.swift */; };
		A76CAF9628A64101004E6DF4 /* NetworkError.swift in Sources */ = {isa = PBXBuildFile; fileRef = A76CAF9528A64101004E6DF4 /* NetworkError.swift */; };
		A76CAF9828A6426A004E6DF4 /* URLSessionable.swift in Sources */ = {isa = PBXBuildFile; fileRef = A76CAF9728A6426A004E6DF4 /* URLSessionable.swift */; };
		A76CAF9A28A64292004E6DF4 /* Provider.swift in Sources */ = {isa = PBXBuildFile; fileRef = A76CAF9928A64292004E6DF4 /* Provider.swift */; };
		A76CAF9C28A642CB004E6DF4 /* DefaultProvider.swift in Sources */ = {isa = PBXBuildFile; fileRef = A76CAF9B28A642CB004E6DF4 /* DefaultProvider.swift */; };
		A76CAFA828A683BE004E6DF4 /* FetchAppInfoRequestDTO.swift in Sources */ = {isa = PBXBuildFile; fileRef = A76CAFA728A683BE004E6DF4 /* FetchAppInfoRequestDTO.swift */; };
		A76CAFAC28A68404004E6DF4 /* FetchAppInfoResponseDTO+Mapping.swift in Sources */ = {isa = PBXBuildFile; fileRef = A76CAFAB28A68404004E6DF4 /* FetchAppInfoResponseDTO+Mapping.swift */; };
		A76CAFAE28A684F8004E6DF4 /* AppInfo.swift in Sources */ = {isa = PBXBuildFile; fileRef = A76CAFAD28A684F8004E6DF4 /* AppInfo.swift */; };
		A76CAFB028A68EE1004E6DF4 /* APIEndpoints.swift in Sources */ = {isa = PBXBuildFile; fileRef = A76CAFAF28A68EE1004E6DF4 /* APIEndpoints.swift */; };
		A76CAFB228A6916B004E6DF4 /* ImageRepository.swift in Sources */ = {isa = PBXBuildFile; fileRef = A76CAFB128A6916B004E6DF4 /* ImageRepository.swift */; };
		A76CAFB428A6917C004E6DF4 /* DefaultImageRepository.swift in Sources */ = {isa = PBXBuildFile; fileRef = A76CAFB328A6917C004E6DF4 /* DefaultImageRepository.swift */; };
		A76CAFB628A6B5F4004E6DF4 /* ControlPublisher.swift in Sources */ = {isa = PBXBuildFile; fileRef = A76CAFB528A6B5F4004E6DF4 /* ControlPublisher.swift */; };
		A76CAFB828A6E01C004E6DF4 /* AppInfoRepository.swift in Sources */ = {isa = PBXBuildFile; fileRef = A76CAFB728A6E01C004E6DF4 /* AppInfoRepository.swift */; };
		A76CAFBA28A6E02C004E6DF4 /* DefaultAppInfoRepository.swift in Sources */ = {isa = PBXBuildFile; fileRef = A76CAFB928A6E02C004E6DF4 /* DefaultAppInfoRepository.swift */; };
		A76CAFBD28A7AE9D004E6DF4 /* DetailViewController.swift in Sources */ = {isa = PBXBuildFile; fileRef = A76CAFBC28A7AE9D004E6DF4 /* DetailViewController.swift */; };
		A76CAFC128A7CDF7004E6DF4 /* DetailContainerViewController.swift in Sources */ = {isa = PBXBuildFile; fileRef = A76CAFC028A7CDF7004E6DF4 /* DetailContainerViewController.swift */; };
		A76CAFC328A7CF47004E6DF4 /* LayoutVariable.swift in Sources */ = {isa = PBXBuildFile; fileRef = A76CAFC228A7CF47004E6DF4 /* LayoutVariable.swift */; };
		A76CAFC828A7D6EA004E6DF4 /* DetailScreenshotCell.swift in Sources */ = {isa = PBXBuildFile; fileRef = A76CAFC728A7D6EA004E6DF4 /* DetailScreenshotCell.swift */; };
		A76CAFD028A7D7BA004E6DF4 /* DetailAdditionalCell.swift in Sources */ = {isa = PBXBuildFile; fileRef = A76CAFCF28A7D7BA004E6DF4 /* DetailAdditionalCell.swift */; };
		A76CAFD228A7DF23004E6DF4 /* DetailMainCell.swift in Sources */ = {isa = PBXBuildFile; fileRef = A76CAFD128A7DF23004E6DF4 /* DetailMainCell.swift */; };
		A76CAFD428A7DF39004E6DF4 /* DetailIntroduceCell.swift in Sources */ = {isa = PBXBuildFile; fileRef = A76CAFD328A7DF39004E6DF4 /* DetailIntroduceCell.swift */; };
		A76CAFD628A7DF43004E6DF4 /* DetailNewFeatureCell.swift in Sources */ = {isa = PBXBuildFile; fileRef = A76CAFD528A7DF43004E6DF4 /* DetailNewFeatureCell.swift */; };
		A76CAFD828A7DFEF004E6DF4 /* DetailReusableHeaderView.swift in Sources */ = {isa = PBXBuildFile; fileRef = A76CAFD728A7DFEF004E6DF4 /* DetailReusableHeaderView.swift */; };
		A76CAFDA28A7F089004E6DF4 /* DetailCollectionView.swift in Sources */ = {isa = PBXBuildFile; fileRef = A76CAFD928A7F089004E6DF4 /* DetailCollectionView.swift */; };
		A76CAFDC28A8C3E6004E6DF4 /* DetailReusableBackgroundView.swift in Sources */ = {isa = PBXBuildFile; fileRef = A76CAFDB28A8C3E6004E6DF4 /* DetailReusableBackgroundView.swift */; };
		A76CAFDE28A8D628004E6DF4 /* ScreenshotViewController.swift in Sources */ = {isa = PBXBuildFile; fileRef = A76CAFDD28A8D628004E6DF4 /* ScreenshotViewController.swift */; };
		A76CAFE228A96331004E6DF4 /* StarView.swift in Sources */ = {isa = PBXBuildFile; fileRef = A76CAFE128A96331004E6DF4 /* StarView.swift */; };
		A76CAFE528A963DA004E6DF4 /* RatingView.swift in Sources */ = {isa = PBXBuildFile; fileRef = A76CAFE428A963DA004E6DF4 /* RatingView.swift */; };
		A76CAFE928A9F67A004E6DF4 /* DetailViewModel.swift in Sources */ = {isa = PBXBuildFile; fileRef = A76CAFE828A9F67A004E6DF4 /* DetailViewModel.swift */; };
		A78D042128A54BC5000625D3 /* AppDelegate.swift in Sources */ = {isa = PBXBuildFile; fileRef = A78D042028A54BC5000625D3 /* AppDelegate.swift */; };
		A78D042328A54BC5000625D3 /* SceneDelegate.swift in Sources */ = {isa = PBXBuildFile; fileRef = A78D042228A54BC5000625D3 /* SceneDelegate.swift */; };
		A78D042A28A54BC6000625D3 /* Assets.xcassets in Resources */ = {isa = PBXBuildFile; fileRef = A78D042928A54BC6000625D3 /* Assets.xcassets */; };
		A78D042D28A54BC6000625D3 /* LaunchScreen.storyboard in Resources */ = {isa = PBXBuildFile; fileRef = A78D042B28A54BC6000625D3 /* LaunchScreen.storyboard */; };
		A78F764228AA0EF300BABDD5 /* DetailMainCellViewModel.swift in Sources */ = {isa = PBXBuildFile; fileRef = A78F764128AA0EF300BABDD5 /* DetailMainCellViewModel.swift */; };
		A78F764528AA0F1D00BABDD5 /* DetailScreenshotCellViewModel.swift in Sources */ = {isa = PBXBuildFile; fileRef = A78F764428AA0F1D00BABDD5 /* DetailScreenshotCellViewModel.swift */; };
		A78F764828AA0F3000BABDD5 /* DetailIntroduceCellViewModel.swift in Sources */ = {isa = PBXBuildFile; fileRef = A78F764728AA0F3000BABDD5 /* DetailIntroduceCellViewModel.swift */; };
/* End PBXBuildFile section */

/* Begin PBXFileReference section */
		A76CAF7128A56E15004E6DF4 /* MainViewController.swift */ = {isa = PBXFileReference; lastKnownFileType = sourcecode.swift; path = MainViewController.swift; sourceTree = "<group>"; };
		A76CAF7328A56EE1004E6DF4 /* splash.png */ = {isa = PBXFileReference; lastKnownFileType = image.png; path = splash.png; sourceTree = "<group>"; };
		A76CAF7628A57221004E6DF4 /* Extension++.swift */ = {isa = PBXFileReference; lastKnownFileType = sourcecode.swift; path = "Extension++.swift"; sourceTree = "<group>"; };
		A76CAF7C28A60E63004E6DF4 /* Combine++UIControl.swift */ = {isa = PBXFileReference; lastKnownFileType = sourcecode.swift; path = "Combine++UIControl.swift"; sourceTree = "<group>"; };
		A76CAF8028A6159B004E6DF4 /* ViewModelType.swift */ = {isa = PBXFileReference; lastKnownFileType = sourcecode.swift; path = ViewModelType.swift; sourceTree = "<group>"; };
		A76CAF8228A615C3004E6DF4 /* MainViewModel.swift */ = {isa = PBXFileReference; lastKnownFileType = sourcecode.swift; path = MainViewModel.swift; sourceTree = "<group>"; };
		A76CAF8528A62C1D004E6DF4 /* SearchView.swift */ = {isa = PBXFileReference; lastKnownFileType = sourcecode.swift; path = SearchView.swift; sourceTree = "<group>"; };
		A76CAF8728A62C22004E6DF4 /* SearchViewModel.swift */ = {isa = PBXFileReference; lastKnownFileType = sourcecode.swift; path = SearchViewModel.swift; sourceTree = "<group>"; };
		A76CAF8F28A63FF0004E6DF4 /* Requestable.swift */ = {isa = PBXFileReference; lastKnownFileType = sourcecode.swift; path = Requestable.swift; sourceTree = "<group>"; };
		A76CAF9128A63FFC004E6DF4 /* Responsable.swift */ = {isa = PBXFileReference; lastKnownFileType = sourcecode.swift; path = Responsable.swift; sourceTree = "<group>"; };
		A76CAF9328A64002004E6DF4 /* Endpoint.swift */ = {isa = PBXFileReference; lastKnownFileType = sourcecode.swift; path = Endpoint.swift; sourceTree = "<group>"; };
		A76CAF9528A64101004E6DF4 /* NetworkError.swift */ = {isa = PBXFileReference; lastKnownFileType = sourcecode.swift; path = NetworkError.swift; sourceTree = "<group>"; };
		A76CAF9728A6426A004E6DF4 /* URLSessionable.swift */ = {isa = PBXFileReference; lastKnownFileType = sourcecode.swift; path = URLSessionable.swift; sourceTree = "<group>"; };
		A76CAF9928A64292004E6DF4 /* Provider.swift */ = {isa = PBXFileReference; lastKnownFileType = sourcecode.swift; path = Provider.swift; sourceTree = "<group>"; };
		A76CAF9B28A642CB004E6DF4 /* DefaultProvider.swift */ = {isa = PBXFileReference; lastKnownFileType = sourcecode.swift; path = DefaultProvider.swift; sourceTree = "<group>"; };
		A76CAFA728A683BE004E6DF4 /* FetchAppInfoRequestDTO.swift */ = {isa = PBXFileReference; lastKnownFileType = sourcecode.swift; path = FetchAppInfoRequestDTO.swift; sourceTree = "<group>"; };
		A76CAFAB28A68404004E6DF4 /* FetchAppInfoResponseDTO+Mapping.swift */ = {isa = PBXFileReference; lastKnownFileType = sourcecode.swift; path = "FetchAppInfoResponseDTO+Mapping.swift"; sourceTree = "<group>"; };
		A76CAFAD28A684F8004E6DF4 /* AppInfo.swift */ = {isa = PBXFileReference; lastKnownFileType = sourcecode.swift; path = AppInfo.swift; sourceTree = "<group>"; };
		A76CAFAF28A68EE1004E6DF4 /* APIEndpoints.swift */ = {isa = PBXFileReference; lastKnownFileType = sourcecode.swift; path = APIEndpoints.swift; sourceTree = "<group>"; };
		A76CAFB128A6916B004E6DF4 /* ImageRepository.swift */ = {isa = PBXFileReference; lastKnownFileType = sourcecode.swift; path = ImageRepository.swift; sourceTree = "<group>"; };
		A76CAFB328A6917C004E6DF4 /* DefaultImageRepository.swift */ = {isa = PBXFileReference; lastKnownFileType = sourcecode.swift; path = DefaultImageRepository.swift; sourceTree = "<group>"; };
		A76CAFB528A6B5F4004E6DF4 /* ControlPublisher.swift */ = {isa = PBXFileReference; lastKnownFileType = sourcecode.swift; path = ControlPublisher.swift; sourceTree = "<group>"; };
		A76CAFB728A6E01C004E6DF4 /* AppInfoRepository.swift */ = {isa = PBXFileReference; lastKnownFileType = sourcecode.swift; path = AppInfoRepository.swift; sourceTree = "<group>"; };
		A76CAFB928A6E02C004E6DF4 /* DefaultAppInfoRepository.swift */ = {isa = PBXFileReference; lastKnownFileType = sourcecode.swift; path = DefaultAppInfoRepository.swift; sourceTree = "<group>"; };
		A76CAFBC28A7AE9D004E6DF4 /* DetailViewController.swift */ = {isa = PBXFileReference; lastKnownFileType = sourcecode.swift; path = DetailViewController.swift; sourceTree = "<group>"; };
		A76CAFC028A7CDF7004E6DF4 /* DetailContainerViewController.swift */ = {isa = PBXFileReference; lastKnownFileType = sourcecode.swift; path = DetailContainerViewController.swift; sourceTree = "<group>"; };
		A76CAFC228A7CF47004E6DF4 /* LayoutVariable.swift */ = {isa = PBXFileReference; lastKnownFileType = sourcecode.swift; path = LayoutVariable.swift; sourceTree = "<group>"; };
		A76CAFC728A7D6EA004E6DF4 /* DetailScreenshotCell.swift */ = {isa = PBXFileReference; lastKnownFileType = sourcecode.swift; path = DetailScreenshotCell.swift; sourceTree = "<group>"; };
		A76CAFCF28A7D7BA004E6DF4 /* DetailAdditionalCell.swift */ = {isa = PBXFileReference; lastKnownFileType = sourcecode.swift; path = DetailAdditionalCell.swift; sourceTree = "<group>"; };
		A76CAFD128A7DF23004E6DF4 /* DetailMainCell.swift */ = {isa = PBXFileReference; lastKnownFileType = sourcecode.swift; path = DetailMainCell.swift; sourceTree = "<group>"; };
		A76CAFD328A7DF39004E6DF4 /* DetailIntroduceCell.swift */ = {isa = PBXFileReference; lastKnownFileType = sourcecode.swift; path = DetailIntroduceCell.swift; sourceTree = "<group>"; };
		A76CAFD528A7DF43004E6DF4 /* DetailNewFeatureCell.swift */ = {isa = PBXFileReference; lastKnownFileType = sourcecode.swift; path = DetailNewFeatureCell.swift; sourceTree = "<group>"; };
		A76CAFD728A7DFEF004E6DF4 /* DetailReusableHeaderView.swift */ = {isa = PBXFileReference; lastKnownFileType = sourcecode.swift; path = DetailReusableHeaderView.swift; sourceTree = "<group>"; };
		A76CAFD928A7F089004E6DF4 /* DetailCollectionView.swift */ = {isa = PBXFileReference; lastKnownFileType = sourcecode.swift; path = DetailCollectionView.swift; sourceTree = "<group>"; };
		A76CAFDB28A8C3E6004E6DF4 /* DetailReusableBackgroundView.swift */ = {isa = PBXFileReference; lastKnownFileType = sourcecode.swift; path = DetailReusableBackgroundView.swift; sourceTree = "<group>"; };
		A76CAFDD28A8D628004E6DF4 /* ScreenshotViewController.swift */ = {isa = PBXFileReference; lastKnownFileType = sourcecode.swift; path = ScreenshotViewController.swift; sourceTree = "<group>"; };
		A76CAFE128A96331004E6DF4 /* StarView.swift */ = {isa = PBXFileReference; lastKnownFileType = sourcecode.swift; path = StarView.swift; sourceTree = "<group>"; };
		A76CAFE428A963DA004E6DF4 /* RatingView.swift */ = {isa = PBXFileReference; lastKnownFileType = sourcecode.swift; path = RatingView.swift; sourceTree = "<group>"; };
		A76CAFE828A9F67A004E6DF4 /* DetailViewModel.swift */ = {isa = PBXFileReference; lastKnownFileType = sourcecode.swift; path = DetailViewModel.swift; sourceTree = "<group>"; };
		A78D041D28A54BC5000625D3 /* AppSearcher.app */ = {isa = PBXFileReference; explicitFileType = wrapper.application; includeInIndex = 0; path = AppSearcher.app; sourceTree = BUILT_PRODUCTS_DIR; };
		A78D042028A54BC5000625D3 /* AppDelegate.swift */ = {isa = PBXFileReference; lastKnownFileType = sourcecode.swift; path = AppDelegate.swift; sourceTree = "<group>"; };
		A78D042228A54BC5000625D3 /* SceneDelegate.swift */ = {isa = PBXFileReference; lastKnownFileType = sourcecode.swift; path = SceneDelegate.swift; sourceTree = "<group>"; };
		A78D042928A54BC6000625D3 /* Assets.xcassets */ = {isa = PBXFileReference; lastKnownFileType = folder.assetcatalog; path = Assets.xcassets; sourceTree = "<group>"; };
		A78D042C28A54BC6000625D3 /* Base */ = {isa = PBXFileReference; lastKnownFileType = file.storyboard; name = Base; path = Base.lproj/LaunchScreen.storyboard; sourceTree = "<group>"; };
		A78D042E28A54BC6000625D3 /* Info.plist */ = {isa = PBXFileReference; lastKnownFileType = text.plist.xml; name = Info.plist; path = AppSearcher/Resource/Info.plist; sourceTree = SOURCE_ROOT; };
		A78F764128AA0EF300BABDD5 /* DetailMainCellViewModel.swift */ = {isa = PBXFileReference; lastKnownFileType = sourcecode.swift; path = DetailMainCellViewModel.swift; sourceTree = "<group>"; };
		A78F764428AA0F1D00BABDD5 /* DetailScreenshotCellViewModel.swift */ = {isa = PBXFileReference; lastKnownFileType = sourcecode.swift; path = DetailScreenshotCellViewModel.swift; sourceTree = "<group>"; };
		A78F764728AA0F3000BABDD5 /* DetailIntroduceCellViewModel.swift */ = {isa = PBXFileReference; lastKnownFileType = sourcecode.swift; path = DetailIntroduceCellViewModel.swift; sourceTree = "<group>"; };
/* End PBXFileReference section */

/* Begin PBXFrameworksBuildPhase section */
		A78D041A28A54BC5000625D3 /* Frameworks */ = {
			isa = PBXFrameworksBuildPhase;
			buildActionMask = 2147483647;
			files = (
			);
			runOnlyForDeploymentPostprocessing = 0;
		};
/* End PBXFrameworksBuildPhase section */

/* Begin PBXGroup section */
		A76CAF6E28A56DD5004E6DF4 /* Presentation */ = {
			isa = PBXGroup;
			children = (
				A78D042B28A54BC6000625D3 /* LaunchScreen.storyboard */,
				A76CAF8428A62BCA004E6DF4 /* MainView */,
				A76CAFBB28A7AE7E004E6DF4 /* DetailView */,
				A76CAFDF28A8D70B004E6DF4 /* ScreenshotView */,
				A76CAFE328A96338004E6DF4 /* Components */,
			);
			path = Presentation;
			sourceTree = "<group>";
		};
		A76CAF6F28A56DE8004E6DF4 /* AppDelegate */ = {
			isa = PBXGroup;
			children = (
				A78D042028A54BC5000625D3 /* AppDelegate.swift */,
				A78D042228A54BC5000625D3 /* SceneDelegate.swift */,
			);
			path = AppDelegate;
			sourceTree = "<group>";
		};
		A76CAF7028A56DF8004E6DF4 /* Resource */ = {
			isa = PBXGroup;
			children = (
				A78D042928A54BC6000625D3 /* Assets.xcassets */,
				A76CAF7328A56EE1004E6DF4 /* splash.png */,
				A78D042E28A54BC6000625D3 /* Info.plist */,
			);
			path = Resource;
			sourceTree = "<group>";
		};
		A76CAF7528A571F4004E6DF4 /* Util */ = {
			isa = PBXGroup;
			children = (
				A76CAF7628A57221004E6DF4 /* Extension++.swift */,
				A76CAF7C28A60E63004E6DF4 /* Combine++UIControl.swift */,
				A76CAFB528A6B5F4004E6DF4 /* ControlPublisher.swift */,
				A76CAF8028A6159B004E6DF4 /* ViewModelType.swift */,
				A76CAFC228A7CF47004E6DF4 /* LayoutVariable.swift */,
			);
			path = Util;
			sourceTree = "<group>";
		};
		A76CAF7828A57435004E6DF4 /* Domain */ = {
			isa = PBXGroup;
			children = (
				A76CAF9E28A682D0004E6DF4 /* Entitiy */,
				A76CAF9D28A682C8004E6DF4 /* Interface */,
			);
			path = Domain;
			sourceTree = "<group>";
		};
		A76CAF7928A5743D004E6DF4 /* Data */ = {
			isa = PBXGroup;
			children = (
				A76CAFA128A682FB004E6DF4 /* Repository */,
				A76CAFA028A682F5004E6DF4 /* Network */,
			);
			path = Data;
			sourceTree = "<group>";
		};
		A76CAF8428A62BCA004E6DF4 /* MainView */ = {
			isa = PBXGroup;
			children = (
				A76CAF7128A56E15004E6DF4 /* MainViewController.swift */,
				A76CAF8228A615C3004E6DF4 /* MainViewModel.swift */,
				A76CAF8928A62C26004E6DF4 /* SubViews */,
			);
			path = MainView;
			sourceTree = "<group>";
		};
		A76CAF8928A62C26004E6DF4 /* SubViews */ = {
			isa = PBXGroup;
			children = (
				A76CAF8528A62C1D004E6DF4 /* SearchView.swift */,
				A76CAF8728A62C22004E6DF4 /* SearchViewModel.swift */,
			);
			path = SubViews;
			sourceTree = "<group>";
		};
		A76CAF8A28A63FA7004E6DF4 /* Infrastructure */ = {
			isa = PBXGroup;
			children = (
				A76CAF8B28A63FBB004E6DF4 /* Network */,
			);
			path = Infrastructure;
			sourceTree = "<group>";
		};
		A76CAF8B28A63FBB004E6DF4 /* Network */ = {
			isa = PBXGroup;
			children = (
				A76CAF8C28A63FC8004E6DF4 /* Common */,
				A76CAF8E28A63FD6004E6DF4 /* Endpoint */,
				A76CAF8D28A63FCD004E6DF4 /* Provider */,
			);
			path = Network;
			sourceTree = "<group>";
		};
		A76CAF8C28A63FC8004E6DF4 /* Common */ = {
			isa = PBXGroup;
			children = (
				A76CAF9528A64101004E6DF4 /* NetworkError.swift */,
			);
			path = Common;
			sourceTree = "<group>";
		};
		A76CAF8D28A63FCD004E6DF4 /* Provider */ = {
			isa = PBXGroup;
			children = (
				A76CAF9728A6426A004E6DF4 /* URLSessionable.swift */,
				A76CAF9928A64292004E6DF4 /* Provider.swift */,
				A76CAF9B28A642CB004E6DF4 /* DefaultProvider.swift */,
			);
			path = Provider;
			sourceTree = "<group>";
		};
		A76CAF8E28A63FD6004E6DF4 /* Endpoint */ = {
			isa = PBXGroup;
			children = (
				A76CAF8F28A63FF0004E6DF4 /* Requestable.swift */,
				A76CAF9128A63FFC004E6DF4 /* Responsable.swift */,
				A76CAF9328A64002004E6DF4 /* Endpoint.swift */,
			);
			path = Endpoint;
			sourceTree = "<group>";
		};
		A76CAF9D28A682C8004E6DF4 /* Interface */ = {
			isa = PBXGroup;
			children = (
				A76CAF9F28A682DD004E6DF4 /* Repository */,
			);
			path = Interface;
			sourceTree = "<group>";
		};
		A76CAF9E28A682D0004E6DF4 /* Entitiy */ = {
			isa = PBXGroup;
			children = (
				A76CAFAD28A684F8004E6DF4 /* AppInfo.swift */,
			);
			path = Entitiy;
			sourceTree = "<group>";
		};
		A76CAF9F28A682DD004E6DF4 /* Repository */ = {
			isa = PBXGroup;
			children = (
				A76CAFB128A6916B004E6DF4 /* ImageRepository.swift */,
				A76CAFB728A6E01C004E6DF4 /* AppInfoRepository.swift */,
			);
			path = Repository;
			sourceTree = "<group>";
		};
		A76CAFA028A682F5004E6DF4 /* Network */ = {
			isa = PBXGroup;
			children = (
				A76CAFAF28A68EE1004E6DF4 /* APIEndpoints.swift */,
				A76CAFA628A68361004E6DF4 /* DataMapping */,
			);
			path = Network;
			sourceTree = "<group>";
		};
		A76CAFA128A682FB004E6DF4 /* Repository */ = {
			isa = PBXGroup;
			children = (
				A76CAFB328A6917C004E6DF4 /* DefaultImageRepository.swift */,
				A76CAFB928A6E02C004E6DF4 /* DefaultAppInfoRepository.swift */,
			);
			path = Repository;
			sourceTree = "<group>";
		};
		A76CAFA628A68361004E6DF4 /* DataMapping */ = {
			isa = PBXGroup;
			children = (
				A76CAFA728A683BE004E6DF4 /* FetchAppInfoRequestDTO.swift */,
				A76CAFAB28A68404004E6DF4 /* FetchAppInfoResponseDTO+Mapping.swift */,
			);
			path = DataMapping;
			sourceTree = "<group>";
		};
		A76CAFBB28A7AE7E004E6DF4 /* DetailView */ = {
			isa = PBXGroup;
			children = (
				A76CAFC028A7CDF7004E6DF4 /* DetailContainerViewController.swift */,
				A76CAFE028A8F81F004E6DF4 /* SubViews */,
			);
			path = DetailView;
			sourceTree = "<group>";
		};
		A76CAFC428A7D6A2004E6DF4 /* SubComponents */ = {
			isa = PBXGroup;
			children = (
				A76CAFD928A7F089004E6DF4 /* DetailCollectionView.swift */,
				A78F764328AA0EF800BABDD5 /* MainCell */,
				A78F764628AA0F2100BABDD5 /* ScreenshotCell */,
				A78F764928AA0F3400BABDD5 /* IntroduceCell */,
				A78F764A28AA0F3C00BABDD5 /* NewFeatureCell */,
				A78F764B28AA0F4600BABDD5 /* AdditionalCell */,
				A78F764C28AA0F5900BABDD5 /* ReusableView */,
			);
			path = SubComponents;
			sourceTree = "<group>";
		};
		A76CAFDF28A8D70B004E6DF4 /* ScreenshotView */ = {
			isa = PBXGroup;
			children = (
				A76CAFDD28A8D628004E6DF4 /* ScreenshotViewController.swift */,
			);
			path = ScreenshotView;
			sourceTree = "<group>";
		};
		A76CAFE028A8F81F004E6DF4 /* SubViews */ = {
			isa = PBXGroup;
			children = (
				A76CAFBC28A7AE9D004E6DF4 /* DetailViewController.swift */,
				A76CAFE828A9F67A004E6DF4 /* DetailViewModel.swift */,
				A76CAFC428A7D6A2004E6DF4 /* SubComponents */,
			);
			path = SubViews;
			sourceTree = "<group>";
		};
		A76CAFE328A96338004E6DF4 /* Components */ = {
			isa = PBXGroup;
			children = (
				A76CAFE428A963DA004E6DF4 /* RatingView.swift */,
				A76CAFE128A96331004E6DF4 /* StarView.swift */,
			);
			path = Components;
			sourceTree = "<group>";
		};
		A78D041428A54BC5000625D3 = {
			isa = PBXGroup;
			children = (
				A78D041F28A54BC5000625D3 /* AppSearcher */,
				A78D041E28A54BC5000625D3 /* Products */,
			);
			sourceTree = "<group>";
		};
		A78D041E28A54BC5000625D3 /* Products */ = {
			isa = PBXGroup;
			children = (
				A78D041D28A54BC5000625D3 /* AppSearcher.app */,
			);
			name = Products;
			sourceTree = "<group>";
		};
		A78D041F28A54BC5000625D3 /* AppSearcher */ = {
			isa = PBXGroup;
			children = (
				A76CAF6F28A56DE8004E6DF4 /* AppDelegate */,
				A76CAF7028A56DF8004E6DF4 /* Resource */,
				A76CAF6E28A56DD5004E6DF4 /* Presentation */,
				A76CAF7828A57435004E6DF4 /* Domain */,
				A76CAF7928A5743D004E6DF4 /* Data */,
				A76CAF8A28A63FA7004E6DF4 /* Infrastructure */,
				A76CAF7528A571F4004E6DF4 /* Util */,
			);
			path = AppSearcher;
			sourceTree = "<group>";
		};
		A78F764328AA0EF800BABDD5 /* MainCell */ = {
			isa = PBXGroup;
			children = (
				A76CAFD128A7DF23004E6DF4 /* DetailMainCell.swift */,
				A78F764128AA0EF300BABDD5 /* DetailMainCellViewModel.swift */,
			);
			path = MainCell;
			sourceTree = "<group>";
		};
		A78F764628AA0F2100BABDD5 /* ScreenshotCell */ = {
			isa = PBXGroup;
			children = (
				A76CAFC728A7D6EA004E6DF4 /* DetailScreenshotCell.swift */,
				A78F764428AA0F1D00BABDD5 /* DetailScreenshotCellViewModel.swift */,
			);
			path = ScreenshotCell;
			sourceTree = "<group>";
		};
		A78F764928AA0F3400BABDD5 /* IntroduceCell */ = {
			isa = PBXGroup;
			children = (
				A76CAFD328A7DF39004E6DF4 /* DetailIntroduceCell.swift */,
				A78F764728AA0F3000BABDD5 /* DetailIntroduceCellViewModel.swift */,
			);
			path = IntroduceCell;
			sourceTree = "<group>";
		};
		A78F764A28AA0F3C00BABDD5 /* NewFeatureCell */ = {
			isa = PBXGroup;
			children = (
				A76CAFD528A7DF43004E6DF4 /* DetailNewFeatureCell.swift */,
			);
			path = NewFeatureCell;
			sourceTree = "<group>";
		};
		A78F764B28AA0F4600BABDD5 /* AdditionalCell */ = {
			isa = PBXGroup;
			children = (
				A76CAFCF28A7D7BA004E6DF4 /* DetailAdditionalCell.swift */,
			);
			path = AdditionalCell;
			sourceTree = "<group>";
		};
		A78F764C28AA0F5900BABDD5 /* ReusableView */ = {
			isa = PBXGroup;
			children = (
				A76CAFD728A7DFEF004E6DF4 /* DetailReusableHeaderView.swift */,
				A76CAFDB28A8C3E6004E6DF4 /* DetailReusableBackgroundView.swift */,
			);
			path = ReusableView;
			sourceTree = "<group>";
		};
/* End PBXGroup section */

/* Begin PBXNativeTarget section */
		A78D041C28A54BC5000625D3 /* AppSearcher */ = {
			isa = PBXNativeTarget;
			buildConfigurationList = A78D043128A54BC6000625D3 /* Build configuration list for PBXNativeTarget "AppSearcher" */;
			buildPhases = (
				A78D041928A54BC5000625D3 /* Sources */,
				A78D041A28A54BC5000625D3 /* Frameworks */,
				A78D041B28A54BC5000625D3 /* Resources */,
			);
			buildRules = (
			);
			dependencies = (
			);
			name = AppSearcher;
			productName = AppSearcher;
			productReference = A78D041D28A54BC5000625D3 /* AppSearcher.app */;
			productType = "com.apple.product-type.application";
		};
/* End PBXNativeTarget section */

/* Begin PBXProject section */
		A78D041528A54BC5000625D3 /* Project object */ = {
			isa = PBXProject;
			attributes = {
				BuildIndependentTargetsInParallel = 1;
				LastSwiftUpdateCheck = 1340;
				LastUpgradeCheck = 1340;
				TargetAttributes = {
					A78D041C28A54BC5000625D3 = {
						CreatedOnToolsVersion = 13.4.1;
					};
				};
			};
			buildConfigurationList = A78D041828A54BC5000625D3 /* Build configuration list for PBXProject "AppSearcher" */;
			compatibilityVersion = "Xcode 13.0";
			developmentRegion = en;
			hasScannedForEncodings = 0;
			knownRegions = (
				en,
				Base,
			);
			mainGroup = A78D041428A54BC5000625D3;
			productRefGroup = A78D041E28A54BC5000625D3 /* Products */;
			projectDirPath = "";
			projectRoot = "";
			targets = (
				A78D041C28A54BC5000625D3 /* AppSearcher */,
			);
		};
/* End PBXProject section */

/* Begin PBXResourcesBuildPhase section */
		A78D041B28A54BC5000625D3 /* Resources */ = {
			isa = PBXResourcesBuildPhase;
			buildActionMask = 2147483647;
			files = (
				A78D042D28A54BC6000625D3 /* LaunchScreen.storyboard in Resources */,
				A76CAF7428A56EE1004E6DF4 /* splash.png in Resources */,
				A78D042A28A54BC6000625D3 /* Assets.xcassets in Resources */,
			);
			runOnlyForDeploymentPostprocessing = 0;
		};
/* End PBXResourcesBuildPhase section */

/* Begin PBXSourcesBuildPhase section */
		A78D041928A54BC5000625D3 /* Sources */ = {
			isa = PBXSourcesBuildPhase;
			buildActionMask = 2147483647;
			files = (
				A76CAFD428A7DF39004E6DF4 /* DetailIntroduceCell.swift in Sources */,
				A76CAFAC28A68404004E6DF4 /* FetchAppInfoResponseDTO+Mapping.swift in Sources */,
				A76CAFAE28A684F8004E6DF4 /* AppInfo.swift in Sources */,
				A76CAF9C28A642CB004E6DF4 /* DefaultProvider.swift in Sources */,
				A76CAFC828A7D6EA004E6DF4 /* DetailScreenshotCell.swift in Sources */,
				A76CAF7228A56E15004E6DF4 /* MainViewController.swift in Sources */,
				A76CAF8628A62C1D004E6DF4 /* SearchView.swift in Sources */,
				A78D042128A54BC5000625D3 /* AppDelegate.swift in Sources */,
				A76CAFA828A683BE004E6DF4 /* FetchAppInfoRequestDTO.swift in Sources */,
				A76CAFD628A7DF43004E6DF4 /* DetailNewFeatureCell.swift in Sources */,
				A76CAF7D28A60E63004E6DF4 /* Combine++UIControl.swift in Sources */,
				A78D042328A54BC5000625D3 /* SceneDelegate.swift in Sources */,
				A76CAFB428A6917C004E6DF4 /* DefaultImageRepository.swift in Sources */,
				A76CAF9028A63FF0004E6DF4 /* Requestable.swift in Sources */,
				A76CAF9828A6426A004E6DF4 /* URLSessionable.swift in Sources */,
				A76CAF9228A63FFC004E6DF4 /* Responsable.swift in Sources */,
				A76CAFBD28A7AE9D004E6DF4 /* DetailViewController.swift in Sources */,
				A76CAF8828A62C22004E6DF4 /* SearchViewModel.swift in Sources */,
				A76CAFDC28A8C3E6004E6DF4 /* DetailReusableBackgroundView.swift in Sources */,
				A76CAFC328A7CF47004E6DF4 /* LayoutVariable.swift in Sources */,
				A76CAFBA28A6E02C004E6DF4 /* DefaultAppInfoRepository.swift in Sources */,
				A76CAFB228A6916B004E6DF4 /* ImageRepository.swift in Sources */,
				A76CAFD028A7D7BA004E6DF4 /* DetailAdditionalCell.swift in Sources */,
				A76CAFE928A9F67A004E6DF4 /* DetailViewModel.swift in Sources */,
				A76CAFDE28A8D628004E6DF4 /* ScreenshotViewController.swift in Sources */,
				A76CAFB828A6E01C004E6DF4 /* AppInfoRepository.swift in Sources */,
				A76CAFC128A7CDF7004E6DF4 /* DetailContainerViewController.swift in Sources */,
				A78F764828AA0F3000BABDD5 /* DetailIntroduceCellViewModel.swift in Sources */,
				A76CAF7728A57221004E6DF4 /* Extension++.swift in Sources */,
				A76CAF8128A6159B004E6DF4 /* ViewModelType.swift in Sources */,
				A78F764528AA0F1D00BABDD5 /* DetailScreenshotCellViewModel.swift in Sources */,
				A76CAFE228A96331004E6DF4 /* StarView.swift in Sources */,
				A76CAFB028A68EE1004E6DF4 /* APIEndpoints.swift in Sources */,
				A76CAF9628A64101004E6DF4 /* NetworkError.swift in Sources */,
				A76CAFD228A7DF23004E6DF4 /* DetailMainCell.swift in Sources */,
				A76CAFDA28A7F089004E6DF4 /* DetailCollectionView.swift in Sources */,
				A76CAFE528A963DA004E6DF4 /* RatingView.swift in Sources */,
				A78F764228AA0EF300BABDD5 /* DetailMainCellViewModel.swift in Sources */,
				A76CAFB628A6B5F4004E6DF4 /* ControlPublisher.swift in Sources */,
				A76CAF9428A64002004E6DF4 /* Endpoint.swift in Sources */,
				A76CAF9A28A64292004E6DF4 /* Provider.swift in Sources */,
				A76CAFD828A7DFEF004E6DF4 /* DetailReusableHeaderView.swift in Sources */,
				A76CAF8328A615C3004E6DF4 /* MainViewModel.swift in Sources */,
			);
			runOnlyForDeploymentPostprocessing = 0;
		};
/* End PBXSourcesBuildPhase section */

/* Begin PBXVariantGroup section */
		A78D042B28A54BC6000625D3 /* LaunchScreen.storyboard */ = {
			isa = PBXVariantGroup;
			children = (
				A78D042C28A54BC6000625D3 /* Base */,
			);
			name = LaunchScreen.storyboard;
			sourceTree = "<group>";
		};
/* End PBXVariantGroup section */

/* Begin XCBuildConfiguration section */
		A78D042F28A54BC6000625D3 /* Debug */ = {
			isa = XCBuildConfiguration;
			buildSettings = {
				ALWAYS_SEARCH_USER_PATHS = NO;
				CLANG_ANALYZER_NONNULL = YES;
				CLANG_ANALYZER_NUMBER_OBJECT_CONVERSION = YES_AGGRESSIVE;
				CLANG_CXX_LANGUAGE_STANDARD = "gnu++17";
				CLANG_ENABLE_MODULES = YES;
				CLANG_ENABLE_OBJC_ARC = YES;
				CLANG_ENABLE_OBJC_WEAK = YES;
				CLANG_WARN_BLOCK_CAPTURE_AUTORELEASING = YES;
				CLANG_WARN_BOOL_CONVERSION = YES;
				CLANG_WARN_COMMA = YES;
				CLANG_WARN_CONSTANT_CONVERSION = YES;
				CLANG_WARN_DEPRECATED_OBJC_IMPLEMENTATIONS = YES;
				CLANG_WARN_DIRECT_OBJC_ISA_USAGE = YES_ERROR;
				CLANG_WARN_DOCUMENTATION_COMMENTS = YES;
				CLANG_WARN_EMPTY_BODY = YES;
				CLANG_WARN_ENUM_CONVERSION = YES;
				CLANG_WARN_INFINITE_RECURSION = YES;
				CLANG_WARN_INT_CONVERSION = YES;
				CLANG_WARN_NON_LITERAL_NULL_CONVERSION = YES;
				CLANG_WARN_OBJC_IMPLICIT_RETAIN_SELF = YES;
				CLANG_WARN_OBJC_LITERAL_CONVERSION = YES;
				CLANG_WARN_OBJC_ROOT_CLASS = YES_ERROR;
				CLANG_WARN_QUOTED_INCLUDE_IN_FRAMEWORK_HEADER = YES;
				CLANG_WARN_RANGE_LOOP_ANALYSIS = YES;
				CLANG_WARN_STRICT_PROTOTYPES = YES;
				CLANG_WARN_SUSPICIOUS_MOVE = YES;
				CLANG_WARN_UNGUARDED_AVAILABILITY = YES_AGGRESSIVE;
				CLANG_WARN_UNREACHABLE_CODE = YES;
				CLANG_WARN__DUPLICATE_METHOD_MATCH = YES;
				COPY_PHASE_STRIP = NO;
				DEBUG_INFORMATION_FORMAT = dwarf;
				ENABLE_STRICT_OBJC_MSGSEND = YES;
				ENABLE_TESTABILITY = YES;
				GCC_C_LANGUAGE_STANDARD = gnu11;
				GCC_DYNAMIC_NO_PIC = NO;
				GCC_NO_COMMON_BLOCKS = YES;
				GCC_OPTIMIZATION_LEVEL = 0;
				GCC_PREPROCESSOR_DEFINITIONS = (
					"DEBUG=1",
					"$(inherited)",
				);
				GCC_WARN_64_TO_32_BIT_CONVERSION = YES;
				GCC_WARN_ABOUT_RETURN_TYPE = YES_ERROR;
				GCC_WARN_UNDECLARED_SELECTOR = YES;
				GCC_WARN_UNINITIALIZED_AUTOS = YES_AGGRESSIVE;
				GCC_WARN_UNUSED_FUNCTION = YES;
				GCC_WARN_UNUSED_VARIABLE = YES;
				IPHONEOS_DEPLOYMENT_TARGET = 15.5;
				MTL_ENABLE_DEBUG_INFO = INCLUDE_SOURCE;
				MTL_FAST_MATH = YES;
				ONLY_ACTIVE_ARCH = YES;
				SDKROOT = iphoneos;
				SWIFT_ACTIVE_COMPILATION_CONDITIONS = DEBUG;
				SWIFT_OPTIMIZATION_LEVEL = "-Onone";
			};
			name = Debug;
		};
		A78D043028A54BC6000625D3 /* Release */ = {
			isa = XCBuildConfiguration;
			buildSettings = {
				ALWAYS_SEARCH_USER_PATHS = NO;
				CLANG_ANALYZER_NONNULL = YES;
				CLANG_ANALYZER_NUMBER_OBJECT_CONVERSION = YES_AGGRESSIVE;
				CLANG_CXX_LANGUAGE_STANDARD = "gnu++17";
				CLANG_ENABLE_MODULES = YES;
				CLANG_ENABLE_OBJC_ARC = YES;
				CLANG_ENABLE_OBJC_WEAK = YES;
				CLANG_WARN_BLOCK_CAPTURE_AUTORELEASING = YES;
				CLANG_WARN_BOOL_CONVERSION = YES;
				CLANG_WARN_COMMA = YES;
				CLANG_WARN_CONSTANT_CONVERSION = YES;
				CLANG_WARN_DEPRECATED_OBJC_IMPLEMENTATIONS = YES;
				CLANG_WARN_DIRECT_OBJC_ISA_USAGE = YES_ERROR;
				CLANG_WARN_DOCUMENTATION_COMMENTS = YES;
				CLANG_WARN_EMPTY_BODY = YES;
				CLANG_WARN_ENUM_CONVERSION = YES;
				CLANG_WARN_INFINITE_RECURSION = YES;
				CLANG_WARN_INT_CONVERSION = YES;
				CLANG_WARN_NON_LITERAL_NULL_CONVERSION = YES;
				CLANG_WARN_OBJC_IMPLICIT_RETAIN_SELF = YES;
				CLANG_WARN_OBJC_LITERAL_CONVERSION = YES;
				CLANG_WARN_OBJC_ROOT_CLASS = YES_ERROR;
				CLANG_WARN_QUOTED_INCLUDE_IN_FRAMEWORK_HEADER = YES;
				CLANG_WARN_RANGE_LOOP_ANALYSIS = YES;
				CLANG_WARN_STRICT_PROTOTYPES = YES;
				CLANG_WARN_SUSPICIOUS_MOVE = YES;
				CLANG_WARN_UNGUARDED_AVAILABILITY = YES_AGGRESSIVE;
				CLANG_WARN_UNREACHABLE_CODE = YES;
				CLANG_WARN__DUPLICATE_METHOD_MATCH = YES;
				COPY_PHASE_STRIP = NO;
				DEBUG_INFORMATION_FORMAT = "dwarf-with-dsym";
				ENABLE_NS_ASSERTIONS = NO;
				ENABLE_STRICT_OBJC_MSGSEND = YES;
				GCC_C_LANGUAGE_STANDARD = gnu11;
				GCC_NO_COMMON_BLOCKS = YES;
				GCC_WARN_64_TO_32_BIT_CONVERSION = YES;
				GCC_WARN_ABOUT_RETURN_TYPE = YES_ERROR;
				GCC_WARN_UNDECLARED_SELECTOR = YES;
				GCC_WARN_UNINITIALIZED_AUTOS = YES_AGGRESSIVE;
				GCC_WARN_UNUSED_FUNCTION = YES;
				GCC_WARN_UNUSED_VARIABLE = YES;
				IPHONEOS_DEPLOYMENT_TARGET = 15.5;
				MTL_ENABLE_DEBUG_INFO = NO;
				MTL_FAST_MATH = YES;
				SDKROOT = iphoneos;
				SWIFT_COMPILATION_MODE = wholemodule;
				SWIFT_OPTIMIZATION_LEVEL = "-O";
				VALIDATE_PRODUCT = YES;
			};
			name = Release;
		};
		A78D043228A54BC6000625D3 /* Debug */ = {
			isa = XCBuildConfiguration;
			buildSettings = {
				ASSETCATALOG_COMPILER_APPICON_NAME = AppIcon;
				ASSETCATALOG_COMPILER_GLOBAL_ACCENT_COLOR_NAME = AccentColor;
				CODE_SIGN_STYLE = Automatic;
				CURRENT_PROJECT_VERSION = 1;
				DEVELOPMENT_TEAM = 3CZP576P62;
				GENERATE_INFOPLIST_FILE = YES;
				INFOPLIST_FILE = AppSearcher/Resource/Info.plist;
				INFOPLIST_KEY_UIApplicationSupportsIndirectInputEvents = YES;
				INFOPLIST_KEY_UILaunchStoryboardName = LaunchScreen;
				INFOPLIST_KEY_UISupportedInterfaceOrientations = UIInterfaceOrientationPortrait;
				INFOPLIST_KEY_UISupportedInterfaceOrientations_iPad = "UIInterfaceOrientationPortrait UIInterfaceOrientationPortraitUpsideDown UIInterfaceOrientationLandscapeLeft UIInterfaceOrientationLandscapeRight";
				INFOPLIST_KEY_UISupportedInterfaceOrientations_iPhone = "UIInterfaceOrientationPortrait UIInterfaceOrientationLandscapeLeft UIInterfaceOrientationLandscapeRight";
				IPHONEOS_DEPLOYMENT_TARGET = 13.0;
				LD_RUNPATH_SEARCH_PATHS = (
					"$(inherited)",
					"@executable_path/Frameworks",
				);
				MARKETING_VERSION = 1.0;
				PRODUCT_BUNDLE_IDENTIFIER = dongcheon.AppSearcher;
				PRODUCT_NAME = "$(TARGET_NAME)";
				SWIFT_EMIT_LOC_STRINGS = YES;
				SWIFT_VERSION = 5.0;
				TARGETED_DEVICE_FAMILY = 1;
			};
			name = Debug;
		};
		A78D043328A54BC6000625D3 /* Release */ = {
			isa = XCBuildConfiguration;
			buildSettings = {
				ASSETCATALOG_COMPILER_APPICON_NAME = AppIcon;
				ASSETCATALOG_COMPILER_GLOBAL_ACCENT_COLOR_NAME = AccentColor;
				CODE_SIGN_STYLE = Automatic;
				CURRENT_PROJECT_VERSION = 1;
				DEVELOPMENT_TEAM = 3CZP576P62;
				GENERATE_INFOPLIST_FILE = YES;
				INFOPLIST_FILE = AppSearcher/Resource/Info.plist;
				INFOPLIST_KEY_UIApplicationSupportsIndirectInputEvents = YES;
				INFOPLIST_KEY_UILaunchStoryboardName = LaunchScreen;
				INFOPLIST_KEY_UISupportedInterfaceOrientations = UIInterfaceOrientationPortrait;
				INFOPLIST_KEY_UISupportedInterfaceOrientations_iPad = "UIInterfaceOrientationPortrait UIInterfaceOrientationPortraitUpsideDown UIInterfaceOrientationLandscapeLeft UIInterfaceOrientationLandscapeRight";
				INFOPLIST_KEY_UISupportedInterfaceOrientations_iPhone = "UIInterfaceOrientationPortrait UIInterfaceOrientationLandscapeLeft UIInterfaceOrientationLandscapeRight";
				IPHONEOS_DEPLOYMENT_TARGET = 13.0;
				LD_RUNPATH_SEARCH_PATHS = (
					"$(inherited)",
					"@executable_path/Frameworks",
				);
				MARKETING_VERSION = 1.0;
				PRODUCT_BUNDLE_IDENTIFIER = dongcheon.AppSearcher;
				PRODUCT_NAME = "$(TARGET_NAME)";
				SWIFT_EMIT_LOC_STRINGS = YES;
				SWIFT_VERSION = 5.0;
				TARGETED_DEVICE_FAMILY = 1;
			};
			name = Release;
		};
/* End XCBuildConfiguration section */

/* Begin XCConfigurationList section */
		A78D041828A54BC5000625D3 /* Build configuration list for PBXProject "AppSearcher" */ = {
			isa = XCConfigurationList;
			buildConfigurations = (
				A78D042F28A54BC6000625D3 /* Debug */,
				A78D043028A54BC6000625D3 /* Release */,
			);
			defaultConfigurationIsVisible = 0;
			defaultConfigurationName = Release;
		};
		A78D043128A54BC6000625D3 /* Build configuration list for PBXNativeTarget "AppSearcher" */ = {
			isa = XCConfigurationList;
			buildConfigurations = (
				A78D043228A54BC6000625D3 /* Debug */,
				A78D043328A54BC6000625D3 /* Release */,
			);
			defaultConfigurationIsVisible = 0;
			defaultConfigurationName = Release;
		};
/* End XCConfigurationList section */
	};
	rootObject = A78D041528A54BC5000625D3 /* Project object */;
}
